
Microsoft Visual Studio Solution File, Format Version 12.00
# Visual Studio Version 17
VisualStudioVersion = 17.14.36127.28 d17.14
MinimumVisualStudioVersion = 10.0.40219.1
Project("{FAE04EC0-301F-11D3-BF4B-00C04F79EFBC}") = "DiarioGUI", "DiarioGUI\DiarioGUI.csproj", "{5FE159B4-0E45-483A-B03C-097AD92FD176}"
EndProject
Global
	GlobalSection(SolutionConfigurationPlatforms) = preSolution
		Debug|Any CPU = Debug|Any CPU
		Release|Any CPU = Release|Any CPU
	EndGlobalSection
	GlobalSection(ProjectConfigurationPlatforms) = postSolution
		{5FE159B4-0E45-483A-B03C-097AD92FD176}.Debug|Any CPU.ActiveCfg = Debug|Any CPU
		{5FE159B4-0E45-483A-B03C-097AD92FD176}.Debug|Any CPU.Build.0 = Debug|Any CPU
		{5FE159B4-0E45-483A-B03C-097AD92FD176}.Release|Any CPU.ActiveCfg = Release|Any CPU
		{5FE159B4-0E45-483A-B03C-097AD92FD176}.Release|Any CPU.Build.0 = Release|Any CPU
	EndGlobalSection
	GlobalSection(SolutionProperties) = preSolution
		HideSolutionNode = FALSE
	EndGlobalSection
	GlobalSection(ExtensibilityGlobals) = postSolution
		SolutionGuid = {2B26BEED-B9B7-4539-AB44-E9A4F2CF98B3}
	EndGlobalSection
EndGlobal
