
Microsoft Visual Studio Solution File, Format Version 12.00
# Visual Studio Version 17
VisualStudioVersion = 17.12.35728.132 d17.12
MinimumVisualStudioVersion = 10.0.40219.1
Project("{FAE04EC0-301F-11D3-BF4B-00C04F79EFBC}") = "Saluto", "Saluto\Saluto.csproj", "{CA8A44DC-0189-4904-BC17-7CD56CB868A4}"
EndProject
Global
	GlobalSection(SolutionConfigurationPlatforms) = preSolution
		Debug|Any CPU = Debug|Any CPU
		Release|Any CPU = Release|Any CPU
	EndGlobalSection
	GlobalSection(ProjectConfigurationPlatforms) = postSolution
		{CA8A44DC-0189-4904-BC17-7CD56CB868A4}.Debug|Any CPU.ActiveCfg = Debug|Any CPU
		{CA8A44DC-0189-4904-BC17-7CD56CB868A4}.Debug|Any CPU.Build.0 = Debug|Any CPU
		{CA8A44DC-0189-4904-BC17-7CD56CB868A4}.Release|Any CPU.ActiveCfg = Release|Any CPU
		{CA8A44DC-0189-4904-BC17-7CD56CB868A4}.Release|Any CPU.Build.0 = Release|Any CPU
	EndGlobalSection
	GlobalSection(SolutionProperties) = preSolution
		HideSolutionNode = FALSE
	EndGlobalSection
EndGlobal
