
Microsoft Visual Studio Solution File, Format Version 12.00
# Visual Studio Version 17
VisualStudioVersion = 17.13.35931.197 d17.13
MinimumVisualStudioVersion = 10.0.40219.1
Project("{FAE04EC0-301F-11D3-BF4B-00C04F79EFBC}") = "Benagoub_Esercitazione", "Benagoub_Esercitazione\Benagoub_Esercitazione.csproj", "{E1F6A5B7-E9B5-40F2-BDD2-659526A1DB2A}"
EndProject
Global
	GlobalSection(SolutionConfigurationPlatforms) = preSolution
		Debug|Any CPU = Debug|Any CPU
		Release|Any CPU = Release|Any CPU
	EndGlobalSection
	GlobalSection(ProjectConfigurationPlatforms) = postSolution
		{E1F6A5B7-E9B5-40F2-BDD2-659526A1DB2A}.Debug|Any CPU.ActiveCfg = Debug|Any CPU
		{E1F6A5B7-E9B5-40F2-BDD2-659526A1DB2A}.Debug|Any CPU.Build.0 = Debug|Any CPU
		{E1F6A5B7-E9B5-40F2-BDD2-659526A1DB2A}.Release|Any CPU.ActiveCfg = Release|Any CPU
		{E1F6A5B7-E9B5-40F2-BDD2-659526A1DB2A}.Release|Any CPU.Build.0 = Release|Any CPU
	EndGlobalSection
	GlobalSection(SolutionProperties) = preSolution
		HideSolutionNode = FALSE
	EndGlobalSection
	GlobalSection(ExtensibilityGlobals) = postSolution
		SolutionGuid = {6E00ED84-F675-467E-8F6B-CDEC97AAB115}
	EndGlobalSection
EndGlobal
